// !$*UTF8*$!
{
	archiveVersion = 1;
	classes = {
	};
	objectVersion = 50;
	objects = {

/* Begin PBXBuildFile section */
		0215D342223B3F9500350ED8 /* RecordsViewController.swift in Sources */ = {isa = PBXBuildFile; fileRef = 0215D340223B3F9500350ED8 /* RecordsViewController.swift */; };
		0222BC4C222F088300D5F79F /* readME.txt in Resources */ = {isa = PBXBuildFile; fileRef = 0222BC4B222F088300D5F79F /* readME.txt */; };
		022AE89021DCD2BC00AAA694 /* Connected.png in Resources */ = {isa = PBXBuildFile; fileRef = 022AE88F21DCD2BB00AAA694 /* Connected.png */; };
		022AE89221DCD41400AAA694 /* Connecting.png in Resources */ = {isa = PBXBuildFile; fileRef = 022AE89121DCD41400AAA694 /* Connecting.png */; };
		022E029921D3865D0052501A /* AppDelegate.swift in Sources */ = {isa = PBXBuildFile; fileRef = 022E029821D3865D0052501A /* AppDelegate.swift */; };
		022E029B21D3865D0052501A /* ViewController.swift in Sources */ = {isa = PBXBuildFile; fileRef = 022E029A21D3865D0052501A /* ViewController.swift */; };
		022E029E21D3865D0052501A /* Main.storyboard in Resources */ = {isa = PBXBuildFile; fileRef = 022E029C21D3865D0052501A /* Main.storyboard */; };
		022E02A021D3865F0052501A /* Assets.xcassets in Resources */ = {isa = PBXBuildFile; fileRef = 022E029F21D3865F0052501A /* Assets.xcassets */; };
		022E02A321D3865F0052501A /* LaunchScreen.storyboard in Resources */ = {isa = PBXBuildFile; fileRef = 022E02A121D3865F0052501A /* LaunchScreen.storyboard */; };
		022E02AE21D3865F0052501A /* Microbit_test_0_2Tests.swift in Sources */ = {isa = PBXBuildFile; fileRef = 022E02AD21D3865F0052501A /* Microbit_test_0_2Tests.swift */; };
		022E02B921D3865F0052501A /* Microbit_test_0_2UITests.swift in Sources */ = {isa = PBXBuildFile; fileRef = 022E02B821D3865F0052501A /* Microbit_test_0_2UITests.swift */; };
		022E02CE21D389720052501A /* LiveAnalysisViewController.swift in Sources */ = {isa = PBXBuildFile; fileRef = 022E02CC21D389720052501A /* LiveAnalysisViewController.swift */; };
		022E02CF21D389720052501A /* LiveAnalysisViewController.xib in Resources */ = {isa = PBXBuildFile; fileRef = 022E02CD21D389720052501A /* LiveAnalysisViewController.xib */; };
		022E02D221D38D6F0052501A /* HomeViewController.swift in Sources */ = {isa = PBXBuildFile; fileRef = 022E02D021D38D6F0052501A /* HomeViewController.swift */; };
		022E02D321D38D6F0052501A /* HomeViewController.xib in Resources */ = {isa = PBXBuildFile; fileRef = 022E02D121D38D6F0052501A /* HomeViewController.xib */; };
		024EA95021D705690050CCAD /* RangeOfMotion.swift in Sources */ = {isa = PBXBuildFile; fileRef = 024EA94F21D705690050CCAD /* RangeOfMotion.swift */; };
		024EA95221D81B410050CCAD /* Speed.swift in Sources */ = {isa = PBXBuildFile; fileRef = 024EA95121D81B410050CCAD /* Speed.swift */; };
		028CFBAB225187CA0082D630 /* RecordsViewController.xib in Resources */ = {isa = PBXBuildFile; fileRef = 028CFBAA225187CA0082D630 /* RecordsViewController.xib */; };
		02A943F321D4301B001E925A /* MicrobitAccelerometer.swift in Sources */ = {isa = PBXBuildFile; fileRef = 02A943F021D4301B001E925A /* MicrobitAccelerometer.swift */; };
		02A943F421D4301B001E925A /* Microbit.swift in Sources */ = {isa = PBXBuildFile; fileRef = 02A943F121D4301B001E925A /* Microbit.swift */; };
		02A943F521D4301B001E925A /* MicrobitController.swift in Sources */ = {isa = PBXBuildFile; fileRef = 02A943F221D4301B001E925A /* MicrobitController.swift */; };
		02A943FE21D43074001E925A /* Similarity.swift in Sources */ = {isa = PBXBuildFile; fileRef = 02A943F921D43073001E925A /* Similarity.swift */; };
		02A943FF21D43074001E925A /* DataHolder.swift in Sources */ = {isa = PBXBuildFile; fileRef = 02A943FA21D43073001E925A /* DataHolder.swift */; };
		02A9440021D43074001E925A /* DataCollecter.swift in Sources */ = {isa = PBXBuildFile; fileRef = 02A943FB21D43074001E925A /* DataCollecter.swift */; };
		02A9440121D43074001E925A /* DetectPause.swift in Sources */ = {isa = PBXBuildFile; fileRef = 02A943FC21D43074001E925A /* DetectPause.swift */; };
		02A9440221D43074001E925A /* RepCount.swift in Sources */ = {isa = PBXBuildFile; fileRef = 02A943FD21D43074001E925A /* RepCount.swift */; };
		2BB3009FC1D02776A08DE5D5 /* Pods_Microbit_test_0_2UITests.framework in Frameworks */ = {isa = PBXBuildFile; fileRef = E163E64323E54CA5A641769D /* Pods_Microbit_test_0_2UITests.framework */; };
		C08E78642750D4F2256EF244 /* Pods_Microbit_test_0_2.framework in Frameworks */ = {isa = PBXBuildFile; fileRef = 9428C09B2CACCDA519D99FB8 /* Pods_Microbit_test_0_2.framework */; };
		E86373FA5E8D9DB973CA8631 /* Pods_Microbit_test_0_2Tests.framework in Frameworks */ = {isa = PBXBuildFile; fileRef = EBC3E0286539D97CCE843D2B /* Pods_Microbit_test_0_2Tests.framework */; };
/* End PBXBuildFile section */

/* Begin PBXContainerItemProxy section */
		022E02AA21D3865F0052501A /* PBXContainerItemProxy */ = {
			isa = PBXContainerItemProxy;
			containerPortal = 022E028D21D3865D0052501A /* Project object */;
			proxyType = 1;
			remoteGlobalIDString = 022E029421D3865D0052501A;
			remoteInfo = Microbit_test_0.2;
		};
		022E02B521D3865F0052501A /* PBXContainerItemProxy */ = {
			isa = PBXContainerItemProxy;
			containerPortal = 022E028D21D3865D0052501A /* Project object */;
			proxyType = 1;
			remoteGlobalIDString = 022E029421D3865D0052501A;
			remoteInfo = Microbit_test_0.2;
		};
/* End PBXContainerItemProxy section */

/* Begin PBXFileReference section */
		0215D340223B3F9500350ED8 /* RecordsViewController.swift */ = {isa = PBXFileReference; fileEncoding = 4; lastKnownFileType = sourcecode.swift; path = RecordsViewController.swift; sourceTree = "<group>"; };
		0222BC4B222F088300D5F79F /* readME.txt */ = {isa = PBXFileReference; fileEncoding = 4; lastKnownFileType = text; path = readME.txt; sourceTree = "<group>"; };
		022AE88F21DCD2BB00AAA694 /* Connected.png */ = {isa = PBXFileReference; lastKnownFileType = image.png; path = Connected.png; sourceTree = "<group>"; };
		022AE89121DCD41400AAA694 /* Connecting.png */ = {isa = PBXFileReference; lastKnownFileType = image.png; path = Connecting.png; sourceTree = "<group>"; };
		022E029521D3865D0052501A /* Microbit_test_0.2.app */ = {isa = PBXFileReference; explicitFileType = wrapper.application; includeInIndex = 0; path = Microbit_test_0.2.app; sourceTree = BUILT_PRODUCTS_DIR; };
		022E029821D3865D0052501A /* AppDelegate.swift */ = {isa = PBXFileReference; lastKnownFileType = sourcecode.swift; path = AppDelegate.swift; sourceTree = "<group>"; };
		022E029A21D3865D0052501A /* ViewController.swift */ = {isa = PBXFileReference; lastKnownFileType = sourcecode.swift; path = ViewController.swift; sourceTree = "<group>"; };
		022E029D21D3865D0052501A /* Base */ = {isa = PBXFileReference; lastKnownFileType = file.storyboard; name = Base; path = Base.lproj/Main.storyboard; sourceTree = "<group>"; };
		022E029F21D3865F0052501A /* Assets.xcassets */ = {isa = PBXFileReference; lastKnownFileType = folder.assetcatalog; path = Assets.xcassets; sourceTree = "<group>"; };
		022E02A221D3865F0052501A /* Base */ = {isa = PBXFileReference; lastKnownFileType = file.storyboard; name = Base; path = Base.lproj/LaunchScreen.storyboard; sourceTree = "<group>"; };
		022E02A421D3865F0052501A /* Info.plist */ = {isa = PBXFileReference; lastKnownFileType = text.plist.xml; path = Info.plist; sourceTree = "<group>"; };
		022E02A921D3865F0052501A /* Microbit_test_0.2Tests.xctest */ = {isa = PBXFileReference; explicitFileType = wrapper.cfbundle; includeInIndex = 0; path = Microbit_test_0.2Tests.xctest; sourceTree = BUILT_PRODUCTS_DIR; };
		022E02AD21D3865F0052501A /* Microbit_test_0_2Tests.swift */ = {isa = PBXFileReference; lastKnownFileType = sourcecode.swift; path = Microbit_test_0_2Tests.swift; sourceTree = "<group>"; };
		022E02AF21D3865F0052501A /* Info.plist */ = {isa = PBXFileReference; lastKnownFileType = text.plist.xml; path = Info.plist; sourceTree = "<group>"; };
		022E02B421D3865F0052501A /* Microbit_test_0.2UITests.xctest */ = {isa = PBXFileReference; explicitFileType = wrapper.cfbundle; includeInIndex = 0; path = Microbit_test_0.2UITests.xctest; sourceTree = BUILT_PRODUCTS_DIR; };
		022E02B821D3865F0052501A /* Microbit_test_0_2UITests.swift */ = {isa = PBXFileReference; lastKnownFileType = sourcecode.swift; path = Microbit_test_0_2UITests.swift; sourceTree = "<group>"; };
		022E02BA21D3865F0052501A /* Info.plist */ = {isa = PBXFileReference; lastKnownFileType = text.plist.xml; path = Info.plist; sourceTree = "<group>"; };
		022E02CC21D389720052501A /* LiveAnalysisViewController.swift */ = {isa = PBXFileReference; lastKnownFileType = sourcecode.swift; path = LiveAnalysisViewController.swift; sourceTree = "<group>"; };
		022E02CD21D389720052501A /* LiveAnalysisViewController.xib */ = {isa = PBXFileReference; lastKnownFileType = file.xib; path = LiveAnalysisViewController.xib; sourceTree = "<group>"; };
		022E02D021D38D6F0052501A /* HomeViewController.swift */ = {isa = PBXFileReference; lastKnownFileType = sourcecode.swift; path = HomeViewController.swift; sourceTree = "<group>"; };
		022E02D121D38D6F0052501A /* HomeViewController.xib */ = {isa = PBXFileReference; lastKnownFileType = file.xib; path = HomeViewController.xib; sourceTree = "<group>"; };
		024EA94F21D705690050CCAD /* RangeOfMotion.swift */ = {isa = PBXFileReference; lastKnownFileType = sourcecode.swift; path = RangeOfMotion.swift; sourceTree = "<group>"; };
		024EA95121D81B410050CCAD /* Speed.swift */ = {isa = PBXFileReference; lastKnownFileType = sourcecode.swift; path = Speed.swift; sourceTree = "<group>"; };
		028CFBAA225187CA0082D630 /* RecordsViewController.xib */ = {isa = PBXFileReference; fileEncoding = 4; lastKnownFileType = file.xib; path = RecordsViewController.xib; sourceTree = "<group>"; };
		02A943F021D4301B001E925A /* MicrobitAccelerometer.swift */ = {isa = PBXFileReference; fileEncoding = 4; lastKnownFileType = sourcecode.swift; path = MicrobitAccelerometer.swift; sourceTree = "<group>"; };
		02A943F121D4301B001E925A /* Microbit.swift */ = {isa = PBXFileReference; fileEncoding = 4; lastKnownFileType = sourcecode.swift; path = Microbit.swift; sourceTree = "<group>"; };
		02A943F221D4301B001E925A /* MicrobitController.swift */ = {isa = PBXFileReference; fileEncoding = 4; lastKnownFileType = sourcecode.swift; path = MicrobitController.swift; sourceTree = "<group>"; };
		02A943F921D43073001E925A /* Similarity.swift */ = {isa = PBXFileReference; fileEncoding = 4; lastKnownFileType = sourcecode.swift; path = Similarity.swift; sourceTree = "<group>"; };
		02A943FA21D43073001E925A /* DataHolder.swift */ = {isa = PBXFileReference; fileEncoding = 4; lastKnownFileType = sourcecode.swift; path = DataHolder.swift; sourceTree = "<group>"; };
		02A943FB21D43074001E925A /* DataCollecter.swift */ = {isa = PBXFileReference; fileEncoding = 4; lastKnownFileType = sourcecode.swift; path = DataCollecter.swift; sourceTree = "<group>"; };
		02A943FC21D43074001E925A /* DetectPause.swift */ = {isa = PBXFileReference; fileEncoding = 4; lastKnownFileType = sourcecode.swift; path = DetectPause.swift; sourceTree = "<group>"; };
		02A943FD21D43074001E925A /* RepCount.swift */ = {isa = PBXFileReference; fileEncoding = 4; lastKnownFileType = sourcecode.swift; path = RepCount.swift; sourceTree = "<group>"; };
		7882FFE7699FA2166F8594FC /* Pods-Microbit_test_0.2UITests.debug.xcconfig */ = {isa = PBXFileReference; includeInIndex = 1; lastKnownFileType = text.xcconfig; name = "Pods-Microbit_test_0.2UITests.debug.xcconfig"; path = "Pods/Target Support Files/Pods-Microbit_test_0.2UITests/Pods-Microbit_test_0.2UITests.debug.xcconfig"; sourceTree = "<group>"; };
		91C35B7D4D491D0FF4CCD1EA /* Pods-Microbit_test_0.2.debug.xcconfig */ = {isa = PBXFileReference; includeInIndex = 1; lastKnownFileType = text.xcconfig; name = "Pods-Microbit_test_0.2.debug.xcconfig"; path = "Pods/Target Support Files/Pods-Microbit_test_0.2/Pods-Microbit_test_0.2.debug.xcconfig"; sourceTree = "<group>"; };
		925C8FA7C8CF1549865F17AD /* Pods-Microbit_test_0.2Tests.debug.xcconfig */ = {isa = PBXFileReference; includeInIndex = 1; lastKnownFileType = text.xcconfig; name = "Pods-Microbit_test_0.2Tests.debug.xcconfig"; path = "Pods/Target Support Files/Pods-Microbit_test_0.2Tests/Pods-Microbit_test_0.2Tests.debug.xcconfig"; sourceTree = "<group>"; };
		9428C09B2CACCDA519D99FB8 /* Pods_Microbit_test_0_2.framework */ = {isa = PBXFileReference; explicitFileType = wrapper.framework; includeInIndex = 0; path = Pods_Microbit_test_0_2.framework; sourceTree = BUILT_PRODUCTS_DIR; };
		A764B878A185EA062D4C91FD /* Pods-Microbit_test_0.2UITests.release.xcconfig */ = {isa = PBXFileReference; includeInIndex = 1; lastKnownFileType = text.xcconfig; name = "Pods-Microbit_test_0.2UITests.release.xcconfig"; path = "Pods/Target Support Files/Pods-Microbit_test_0.2UITests/Pods-Microbit_test_0.2UITests.release.xcconfig"; sourceTree = "<group>"; };
		C5FC891BFF2ECE9C940A5AC7 /* Pods-Microbit_test_0.2Tests.release.xcconfig */ = {isa = PBXFileReference; includeInIndex = 1; lastKnownFileType = text.xcconfig; name = "Pods-Microbit_test_0.2Tests.release.xcconfig"; path = "Pods/Target Support Files/Pods-Microbit_test_0.2Tests/Pods-Microbit_test_0.2Tests.release.xcconfig"; sourceTree = "<group>"; };
		E163E64323E54CA5A641769D /* Pods_Microbit_test_0_2UITests.framework */ = {isa = PBXFileReference; explicitFileType = wrapper.framework; includeInIndex = 0; path = Pods_Microbit_test_0_2UITests.framework; sourceTree = BUILT_PRODUCTS_DIR; };
		EBC3E0286539D97CCE843D2B /* Pods_Microbit_test_0_2Tests.framework */ = {isa = PBXFileReference; explicitFileType = wrapper.framework; includeInIndex = 0; path = Pods_Microbit_test_0_2Tests.framework; sourceTree = BUILT_PRODUCTS_DIR; };
		FFE92FF83BA857891C9B84B5 /* Pods-Microbit_test_0.2.release.xcconfig */ = {isa = PBXFileReference; includeInIndex = 1; lastKnownFileType = text.xcconfig; name = "Pods-Microbit_test_0.2.release.xcconfig"; path = "Pods/Target Support Files/Pods-Microbit_test_0.2/Pods-Microbit_test_0.2.release.xcconfig"; sourceTree = "<group>"; };
/* End PBXFileReference section */

/* Begin PBXFrameworksBuildPhase section */
		022E029221D3865D0052501A /* Frameworks */ = {
			isa = PBXFrameworksBuildPhase;
			buildActionMask = 2147483647;
			files = (
				C08E78642750D4F2256EF244 /* Pods_Microbit_test_0_2.framework in Frameworks */,
			);
			runOnlyForDeploymentPostprocessing = 0;
		};
		022E02A621D3865F0052501A /* Frameworks */ = {
			isa = PBXFrameworksBuildPhase;
			buildActionMask = 2147483647;
			files = (
				E86373FA5E8D9DB973CA8631 /* Pods_Microbit_test_0_2Tests.framework in Frameworks */,
			);
			runOnlyForDeploymentPostprocessing = 0;
		};
		022E02B121D3865F0052501A /* Frameworks */ = {
			isa = PBXFrameworksBuildPhase;
			buildActionMask = 2147483647;
			files = (
				2BB3009FC1D02776A08DE5D5 /* Pods_Microbit_test_0_2UITests.framework in Frameworks */,
			);
			runOnlyForDeploymentPostprocessing = 0;
		};
/* End PBXFrameworksBuildPhase section */

/* Begin PBXGroup section */
		022E028C21D3865D0052501A = {
			isa = PBXGroup;
			children = (
				022E029721D3865D0052501A /* Microbit_test_0.2 */,
				022E02AC21D3865F0052501A /* Microbit_test_0.2Tests */,
				022E02B721D3865F0052501A /* Microbit_test_0.2UITests */,
				022E029621D3865D0052501A /* Products */,
				0AF50BFAC94C7D26812F7381 /* Pods */,
				6D4F82704F0A5E0B60E35419 /* Frameworks */,
			);
			sourceTree = "<group>";
		};
		022E029621D3865D0052501A /* Products */ = {
			isa = PBXGroup;
			children = (
				022E029521D3865D0052501A /* Microbit_test_0.2.app */,
				022E02A921D3865F0052501A /* Microbit_test_0.2Tests.xctest */,
				022E02B421D3865F0052501A /* Microbit_test_0.2UITests.xctest */,
			);
			name = Products;
			sourceTree = "<group>";
		};
		022E029721D3865D0052501A /* Microbit_test_0.2 */ = {
			isa = PBXGroup;
			children = (
				0222BC4B222F088300D5F79F /* readME.txt */,
				02D2765421D61C41003B2B7B /* Photos */,
				02A943EF21D4301B001E925A /* Microbit */,
				02A943F821D43054001E925A /* DataHandlers */,
				02A943EE21D42F79001E925A /* Views */,
				022E029821D3865D0052501A /* AppDelegate.swift */,
				022E029A21D3865D0052501A /* ViewController.swift */,
				022E029C21D3865D0052501A /* Main.storyboard */,
				022E029F21D3865F0052501A /* Assets.xcassets */,
				022E02A121D3865F0052501A /* LaunchScreen.storyboard */,
				022E02A421D3865F0052501A /* Info.plist */,
			);
			path = Microbit_test_0.2;
			sourceTree = "<group>";
		};
		022E02AC21D3865F0052501A /* Microbit_test_0.2Tests */ = {
			isa = PBXGroup;
			children = (
				022E02AD21D3865F0052501A /* Microbit_test_0_2Tests.swift */,
				022E02AF21D3865F0052501A /* Info.plist */,
			);
			path = Microbit_test_0.2Tests;
			sourceTree = "<group>";
		};
		022E02B721D3865F0052501A /* Microbit_test_0.2UITests */ = {
			isa = PBXGroup;
			children = (
				022E02B821D3865F0052501A /* Microbit_test_0_2UITests.swift */,
				022E02BA21D3865F0052501A /* Info.plist */,
			);
			path = Microbit_test_0.2UITests;
			sourceTree = "<group>";
		};
		02A943EE21D42F79001E925A /* Views */ = {
			isa = PBXGroup;
			children = (
				022E02CC21D389720052501A /* LiveAnalysisViewController.swift */,
				022E02CD21D389720052501A /* LiveAnalysisViewController.xib */,
				0215D340223B3F9500350ED8 /* RecordsViewController.swift */,
				028CFBAA225187CA0082D630 /* RecordsViewController.xib */,
				022E02D021D38D6F0052501A /* HomeViewController.swift */,
				022E02D121D38D6F0052501A /* HomeViewController.xib */,
			);
			path = Views;
			sourceTree = "<group>";
		};
		02A943EF21D4301B001E925A /* Microbit */ = {
			isa = PBXGroup;
			children = (
				02A943F121D4301B001E925A /* Microbit.swift */,
				02A943F021D4301B001E925A /* MicrobitAccelerometer.swift */,
				02A943F221D4301B001E925A /* MicrobitController.swift */,
			);
			path = Microbit;
			sourceTree = "<group>";
		};
		02A943F821D43054001E925A /* DataHandlers */ = {
			isa = PBXGroup;
			children = (
				02A943FA21D43073001E925A /* DataHolder.swift */,
				02A943FB21D43074001E925A /* DataCollecter.swift */,
				02A943F921D43073001E925A /* Similarity.swift */,
				02A943FC21D43074001E925A /* DetectPause.swift */,
				024EA95121D81B410050CCAD /* Speed.swift */,
				024EA94F21D705690050CCAD /* RangeOfMotion.swift */,
				02A943FD21D43074001E925A /* RepCount.swift */,
			);
			path = DataHandlers;
			sourceTree = "<group>";
		};
		02D2765421D61C41003B2B7B /* Photos */ = {
			isa = PBXGroup;
			children = (
				022AE88F21DCD2BB00AAA694 /* Connected.png */,
				022AE89121DCD41400AAA694 /* Connecting.png */,
			);
			path = Photos;
			sourceTree = "<group>";
		};
		0AF50BFAC94C7D26812F7381 /* Pods */ = {
			isa = PBXGroup;
			children = (
				91C35B7D4D491D0FF4CCD1EA /* Pods-Microbit_test_0.2.debug.xcconfig */,
				FFE92FF83BA857891C9B84B5 /* Pods-Microbit_test_0.2.release.xcconfig */,
				925C8FA7C8CF1549865F17AD /* Pods-Microbit_test_0.2Tests.debug.xcconfig */,
				C5FC891BFF2ECE9C940A5AC7 /* Pods-Microbit_test_0.2Tests.release.xcconfig */,
				7882FFE7699FA2166F8594FC /* Pods-Microbit_test_0.2UITests.debug.xcconfig */,
				A764B878A185EA062D4C91FD /* Pods-Microbit_test_0.2UITests.release.xcconfig */,
			);
			name = Pods;
			sourceTree = "<group>";
		};
		6D4F82704F0A5E0B60E35419 /* Frameworks */ = {
			isa = PBXGroup;
			children = (
				9428C09B2CACCDA519D99FB8 /* Pods_Microbit_test_0_2.framework */,
				EBC3E0286539D97CCE843D2B /* Pods_Microbit_test_0_2Tests.framework */,
				E163E64323E54CA5A641769D /* Pods_Microbit_test_0_2UITests.framework */,
			);
			name = Frameworks;
			sourceTree = "<group>";
		};
/* End PBXGroup section */

/* Begin PBXNativeTarget section */
		022E029421D3865D0052501A /* Microbit_test_0.2 */ = {
			isa = PBXNativeTarget;
			buildConfigurationList = 022E02BD21D3865F0052501A /* Build configuration list for PBXNativeTarget "Microbit_test_0.2" */;
			buildPhases = (
				18C1750402AAED9F4E851E64 /* [CP] Check Pods Manifest.lock */,
				022E029121D3865D0052501A /* Sources */,
				022E029221D3865D0052501A /* Frameworks */,
				022E029321D3865D0052501A /* Resources */,
				1834FFB0DEC7293769690F3B /* [CP] Embed Pods Frameworks */,
			);
			buildRules = (
			);
			dependencies = (
			);
			name = Microbit_test_0.2;
			productName = Microbit_test_0.2;
			productReference = 022E029521D3865D0052501A /* Microbit_test_0.2.app */;
			productType = "com.apple.product-type.application";
		};
		022E02A821D3865F0052501A /* Microbit_test_0.2Tests */ = {
			isa = PBXNativeTarget;
			buildConfigurationList = 022E02C021D3865F0052501A /* Build configuration list for PBXNativeTarget "Microbit_test_0.2Tests" */;
			buildPhases = (
				CE989E8F576676053B0EA571 /* [CP] Check Pods Manifest.lock */,
				022E02A521D3865F0052501A /* Sources */,
				022E02A621D3865F0052501A /* Frameworks */,
				022E02A721D3865F0052501A /* Resources */,
			);
			buildRules = (
			);
			dependencies = (
				022E02AB21D3865F0052501A /* PBXTargetDependency */,
			);
			name = Microbit_test_0.2Tests;
			productName = Microbit_test_0.2Tests;
			productReference = 022E02A921D3865F0052501A /* Microbit_test_0.2Tests.xctest */;
			productType = "com.apple.product-type.bundle.unit-test";
		};
		022E02B321D3865F0052501A /* Microbit_test_0.2UITests */ = {
			isa = PBXNativeTarget;
			buildConfigurationList = 022E02C321D3865F0052501A /* Build configuration list for PBXNativeTarget "Microbit_test_0.2UITests" */;
			buildPhases = (
				1512A081BADFBDFAF2844C12 /* [CP] Check Pods Manifest.lock */,
				022E02B021D3865F0052501A /* Sources */,
				022E02B121D3865F0052501A /* Frameworks */,
				022E02B221D3865F0052501A /* Resources */,
			);
			buildRules = (
			);
			dependencies = (
				022E02B621D3865F0052501A /* PBXTargetDependency */,
			);
			name = Microbit_test_0.2UITests;
			productName = Microbit_test_0.2UITests;
			productReference = 022E02B421D3865F0052501A /* Microbit_test_0.2UITests.xctest */;
			productType = "com.apple.product-type.bundle.ui-testing";
		};
/* End PBXNativeTarget section */

/* Begin PBXProject section */
		022E028D21D3865D0052501A /* Project object */ = {
			isa = PBXProject;
			attributes = {
				LastSwiftUpdateCheck = 1010;
				LastUpgradeCheck = 1010;
				ORGANIZATIONNAME = "Ethan Shin";
				TargetAttributes = {
					022E029421D3865D0052501A = {
						CreatedOnToolsVersion = 10.1;
						SystemCapabilities = {
							com.apple.BackgroundModes = {
								enabled = 1;
							};
						};
					};
					022E02A821D3865F0052501A = {
						CreatedOnToolsVersion = 10.1;
						TestTargetID = 022E029421D3865D0052501A;
					};
					022E02B321D3865F0052501A = {
						CreatedOnToolsVersion = 10.1;
						TestTargetID = 022E029421D3865D0052501A;
					};
				};
			};
			buildConfigurationList = 022E029021D3865D0052501A /* Build configuration list for PBXProject "Microbit_test_0.2" */;
			compatibilityVersion = "Xcode 9.3";
			developmentRegion = en;
			hasScannedForEncodings = 0;
			knownRegions = (
				en,
				Base,
			);
			mainGroup = 022E028C21D3865D0052501A;
			productRefGroup = 022E029621D3865D0052501A /* Products */;
			projectDirPath = "";
			projectRoot = "";
			targets = (
				022E029421D3865D0052501A /* Microbit_test_0.2 */,
				022E02A821D3865F0052501A /* Microbit_test_0.2Tests */,
				022E02B321D3865F0052501A /* Microbit_test_0.2UITests */,
			);
		};
/* End PBXProject section */

/* Begin PBXResourcesBuildPhase section */
		022E029321D3865D0052501A /* Resources */ = {
			isa = PBXResourcesBuildPhase;
			buildActionMask = 2147483647;
			files = (
				022AE89021DCD2BC00AAA694 /* Connected.png in Resources */,
				0222BC4C222F088300D5F79F /* readME.txt in Resources */,
				022AE89221DCD41400AAA694 /* Connecting.png in Resources */,
				022E02A321D3865F0052501A /* LaunchScreen.storyboard in Resources */,
				022E02A021D3865F0052501A /* Assets.xcassets in Resources */,
				022E029E21D3865D0052501A /* Main.storyboard in Resources */,
				022E02D321D38D6F0052501A /* HomeViewController.xib in Resources */,
				028CFBAB225187CA0082D630 /* RecordsViewController.xib in Resources */,
				022E02CF21D389720052501A /* LiveAnalysisViewController.xib in Resources */,
			);
			runOnlyForDeploymentPostprocessing = 0;
		};
		022E02A721D3865F0052501A /* Resources */ = {
			isa = PBXResourcesBuildPhase;
			buildActionMask = 2147483647;
			files = (
			);
			runOnlyForDeploymentPostprocessing = 0;
		};
		022E02B221D3865F0052501A /* Resources */ = {
			isa = PBXResourcesBuildPhase;
			buildActionMask = 2147483647;
			files = (
			);
			runOnlyForDeploymentPostprocessing = 0;
		};
/* End PBXResourcesBuildPhase section */

/* Begin PBXShellScriptBuildPhase section */
		1512A081BADFBDFAF2844C12 /* [CP] Check Pods Manifest.lock */ = {
			isa = PBXShellScriptBuildPhase;
			buildActionMask = 2147483647;
			files = (
			);
			inputPaths = (
				"${PODS_PODFILE_DIR_PATH}/Podfile.lock",
				"${PODS_ROOT}/Manifest.lock",
			);
			name = "[CP] Check Pods Manifest.lock";
			outputPaths = (
				"$(DERIVED_FILE_DIR)/Pods-Microbit_test_0.2UITests-checkManifestLockResult.txt",
			);
			runOnlyForDeploymentPostprocessing = 0;
			shellPath = /bin/sh;
			shellScript = "diff \"${PODS_PODFILE_DIR_PATH}/Podfile.lock\" \"${PODS_ROOT}/Manifest.lock\" > /dev/null\nif [ $? != 0 ] ; then\n    # print error to STDERR\n    echo \"error: The sandbox is not in sync with the Podfile.lock. Run 'pod install' or update your CocoaPods installation.\" >&2\n    exit 1\nfi\n# This output is used by Xcode 'outputs' to avoid re-running this script phase.\necho \"SUCCESS\" > \"${SCRIPT_OUTPUT_FILE_0}\"\n";
			showEnvVarsInLog = 0;
		};
		1834FFB0DEC7293769690F3B /* [CP] Embed Pods Frameworks */ = {
			isa = PBXShellScriptBuildPhase;
			buildActionMask = 2147483647;
			files = (
			);
			inputPaths = (
				"${SRCROOT}/Pods/Target Support Files/Pods-Microbit_test_0.2/Pods-Microbit_test_0.2-frameworks.sh",
				"${BUILT_PRODUCTS_DIR}/MBCircularProgressBar/MBCircularProgressBar.framework",
			);
			name = "[CP] Embed Pods Frameworks";
			outputPaths = (
				"${TARGET_BUILD_DIR}/${FRAMEWORKS_FOLDER_PATH}/MBCircularProgressBar.framework",
			);
			runOnlyForDeploymentPostprocessing = 0;
			shellPath = /bin/sh;
			shellScript = "\"${SRCROOT}/Pods/Target Support Files/Pods-Microbit_test_0.2/Pods-Microbit_test_0.2-frameworks.sh\"\n";
			showEnvVarsInLog = 0;
		};
		18C1750402AAED9F4E851E64 /* [CP] Check Pods Manifest.lock */ = {
			isa = PBXShellScriptBuildPhase;
			buildActionMask = 2147483647;
			files = (
			);
			inputPaths = (
				"${PODS_PODFILE_DIR_PATH}/Podfile.lock",
				"${PODS_ROOT}/Manifest.lock",
			);
			name = "[CP] Check Pods Manifest.lock";
			outputPaths = (
				"$(DERIVED_FILE_DIR)/Pods-Microbit_test_0.2-checkManifestLockResult.txt",
			);
			runOnlyForDeploymentPostprocessing = 0;
			shellPath = /bin/sh;
			shellScript = "diff \"${PODS_PODFILE_DIR_PATH}/Podfile.lock\" \"${PODS_ROOT}/Manifest.lock\" > /dev/null\nif [ $? != 0 ] ; then\n    # print error to STDERR\n    echo \"error: The sandbox is not in sync with the Podfile.lock. Run 'pod install' or update your CocoaPods installation.\" >&2\n    exit 1\nfi\n# This output is used by Xcode 'outputs' to avoid re-running this script phase.\necho \"SUCCESS\" > \"${SCRIPT_OUTPUT_FILE_0}\"\n";
			showEnvVarsInLog = 0;
		};
		CE989E8F576676053B0EA571 /* [CP] Check Pods Manifest.lock */ = {
			isa = PBXShellScriptBuildPhase;
			buildActionMask = 2147483647;
			files = (
			);
			inputPaths = (
				"${PODS_PODFILE_DIR_PATH}/Podfile.lock",
				"${PODS_ROOT}/Manifest.lock",
			);
			name = "[CP] Check Pods Manifest.lock";
			outputPaths = (
				"$(DERIVED_FILE_DIR)/Pods-Microbit_test_0.2Tests-checkManifestLockResult.txt",
			);
			runOnlyForDeploymentPostprocessing = 0;
			shellPath = /bin/sh;
			shellScript = "diff \"${PODS_PODFILE_DIR_PATH}/Podfile.lock\" \"${PODS_ROOT}/Manifest.lock\" > /dev/null\nif [ $? != 0 ] ; then\n    # print error to STDERR\n    echo \"error: The sandbox is not in sync with the Podfile.lock. Run 'pod install' or update your CocoaPods installation.\" >&2\n    exit 1\nfi\n# This output is used by Xcode 'outputs' to avoid re-running this script phase.\necho \"SUCCESS\" > \"${SCRIPT_OUTPUT_FILE_0}\"\n";
			showEnvVarsInLog = 0;
		};
/* End PBXShellScriptBuildPhase section */

/* Begin PBXSourcesBuildPhase section */
		022E029121D3865D0052501A /* Sources */ = {
			isa = PBXSourcesBuildPhase;
			buildActionMask = 2147483647;
			files = (
				02A943F521D4301B001E925A /* MicrobitController.swift in Sources */,
				02A943FF21D43074001E925A /* DataHolder.swift in Sources */,
				02A9440021D43074001E925A /* DataCollecter.swift in Sources */,
				024EA95221D81B410050CCAD /* Speed.swift in Sources */,
				02A9440121D43074001E925A /* DetectPause.swift in Sources */,
				02A943F321D4301B001E925A /* MicrobitAccelerometer.swift in Sources */,
				02A943FE21D43074001E925A /* Similarity.swift in Sources */,
				022E02CE21D389720052501A /* LiveAnalysisViewController.swift in Sources */,
				02A943F421D4301B001E925A /* Microbit.swift in Sources */,
				022E02D221D38D6F0052501A /* HomeViewController.swift in Sources */,
				024EA95021D705690050CCAD /* RangeOfMotion.swift in Sources */,
				022E029B21D3865D0052501A /* ViewController.swift in Sources */,
				02A9440221D43074001E925A /* RepCount.swift in Sources */,
				022E029921D3865D0052501A /* AppDelegate.swift in Sources */,
				0215D342223B3F9500350ED8 /* RecordsViewController.swift in Sources */,
			);
			runOnlyForDeploymentPostprocessing = 0;
		};
		022E02A521D3865F0052501A /* Sources */ = {
			isa = PBXSourcesBuildPhase;
			buildActionMask = 2147483647;
			files = (
				022E02AE21D3865F0052501A /* Microbit_test_0_2Tests.swift in Sources */,
			);
			runOnlyForDeploymentPostprocessing = 0;
		};
		022E02B021D3865F0052501A /* Sources */ = {
			isa = PBXSourcesBuildPhase;
			buildActionMask = 2147483647;
			files = (
				022E02B921D3865F0052501A /* Microbit_test_0_2UITests.swift in Sources */,
			);
			runOnlyForDeploymentPostprocessing = 0;
		};
/* End PBXSourcesBuildPhase section */

/* Begin PBXTargetDependency section */
		022E02AB21D3865F0052501A /* PBXTargetDependency */ = {
			isa = PBXTargetDependency;
			target = 022E029421D3865D0052501A /* Microbit_test_0.2 */;
			targetProxy = 022E02AA21D3865F0052501A /* PBXContainerItemProxy */;
		};
		022E02B621D3865F0052501A /* PBXTargetDependency */ = {
			isa = PBXTargetDependency;
			target = 022E029421D3865D0052501A /* Microbit_test_0.2 */;
			targetProxy = 022E02B521D3865F0052501A /* PBXContainerItemProxy */;
		};
/* End PBXTargetDependency section */

/* Begin PBXVariantGroup section */
		022E029C21D3865D0052501A /* Main.storyboard */ = {
			isa = PBXVariantGroup;
			children = (
				022E029D21D3865D0052501A /* Base */,
			);
			name = Main.storyboard;
			sourceTree = "<group>";
		};
		022E02A121D3865F0052501A /* LaunchScreen.storyboard */ = {
			isa = PBXVariantGroup;
			children = (
				022E02A221D3865F0052501A /* Base */,
			);
			name = LaunchScreen.storyboard;
			sourceTree = "<group>";
		};
/* End PBXVariantGroup section */

/* Begin XCBuildConfiguration section */
		022E02BB21D3865F0052501A /* Debug */ = {
			isa = XCBuildConfiguration;
			buildSettings = {
				ALWAYS_SEARCH_USER_PATHS = NO;
				CLANG_ANALYZER_NONNULL = YES;
				CLANG_ANALYZER_NUMBER_OBJECT_CONVERSION = YES_AGGRESSIVE;
				CLANG_CXX_LANGUAGE_STANDARD = "gnu++14";
				CLANG_CXX_LIBRARY = "libc++";
				CLANG_ENABLE_MODULES = YES;
				CLANG_ENABLE_OBJC_ARC = YES;
				CLANG_ENABLE_OBJC_WEAK = YES;
				CLANG_WARN_BLOCK_CAPTURE_AUTORELEASING = YES;
				CLANG_WARN_BOOL_CONVERSION = YES;
				CLANG_WARN_COMMA = YES;
				CLANG_WARN_CONSTANT_CONVERSION = YES;
				CLANG_WARN_DEPRECATED_OBJC_IMPLEMENTATIONS = YES;
				CLANG_WARN_DIRECT_OBJC_ISA_USAGE = YES_ERROR;
				CLANG_WARN_DOCUMENTATION_COMMENTS = YES;
				CLANG_WARN_EMPTY_BODY = YES;
				CLANG_WARN_ENUM_CONVERSION = YES;
				CLANG_WARN_INFINITE_RECURSION = YES;
				CLANG_WARN_INT_CONVERSION = YES;
				CLANG_WARN_NON_LITERAL_NULL_CONVERSION = YES;
				CLANG_WARN_OBJC_IMPLICIT_RETAIN_SELF = YES;
				CLANG_WARN_OBJC_LITERAL_CONVERSION = YES;
				CLANG_WARN_OBJC_ROOT_CLASS = YES_ERROR;
				CLANG_WARN_RANGE_LOOP_ANALYSIS = YES;
				CLANG_WARN_STRICT_PROTOTYPES = YES;
				CLANG_WARN_SUSPICIOUS_MOVE = YES;
				CLANG_WARN_UNGUARDED_AVAILABILITY = YES_AGGRESSIVE;
				CLANG_WARN_UNREACHABLE_CODE = YES;
				CLANG_WARN__DUPLICATE_METHOD_MATCH = YES;
				CODE_SIGN_IDENTITY = "iPhone Developer";
				COPY_PHASE_STRIP = NO;
				DEBUG_INFORMATION_FORMAT = dwarf;
				ENABLE_STRICT_OBJC_MSGSEND = YES;
				ENABLE_TESTABILITY = YES;
				GCC_C_LANGUAGE_STANDARD = gnu11;
				GCC_DYNAMIC_NO_PIC = NO;
				GCC_NO_COMMON_BLOCKS = YES;
				GCC_OPTIMIZATION_LEVEL = 0;
				GCC_PREPROCESSOR_DEFINITIONS = (
					"DEBUG=1",
					"$(inherited)",
				);
				GCC_WARN_64_TO_32_BIT_CONVERSION = YES;
				GCC_WARN_ABOUT_RETURN_TYPE = YES_ERROR;
				GCC_WARN_UNDECLARED_SELECTOR = YES;
				GCC_WARN_UNINITIALIZED_AUTOS = YES_AGGRESSIVE;
				GCC_WARN_UNUSED_FUNCTION = YES;
				GCC_WARN_UNUSED_VARIABLE = YES;
				IPHONEOS_DEPLOYMENT_TARGET = 12.1;
				MTL_ENABLE_DEBUG_INFO = INCLUDE_SOURCE;
				MTL_FAST_MATH = YES;
				ONLY_ACTIVE_ARCH = YES;
				SDKROOT = iphoneos;
				SWIFT_ACTIVE_COMPILATION_CONDITIONS = DEBUG;
				SWIFT_OPTIMIZATION_LEVEL = "-Onone";
			};
			name = Debug;
		};
		022E02BC21D3865F0052501A /* Release */ = {
			isa = XCBuildConfiguration;
			buildSettings = {
				ALWAYS_SEARCH_USER_PATHS = NO;
				CLANG_ANALYZER_NONNULL = YES;
				CLANG_ANALYZER_NUMBER_OBJECT_CONVERSION = YES_AGGRESSIVE;
				CLANG_CXX_LANGUAGE_STANDARD = "gnu++14";
				CLANG_CXX_LIBRARY = "libc++";
				CLANG_ENABLE_MODULES = YES;
				CLANG_ENABLE_OBJC_ARC = YES;
				CLANG_ENABLE_OBJC_WEAK = YES;
				CLANG_WARN_BLOCK_CAPTURE_AUTORELEASING = YES;
				CLANG_WARN_BOOL_CONVERSION = YES;
				CLANG_WARN_COMMA = YES;
				CLANG_WARN_CONSTANT_CONVERSION = YES;
				CLANG_WARN_DEPRECATED_OBJC_IMPLEMENTATIONS = YES;
				CLANG_WARN_DIRECT_OBJC_ISA_USAGE = YES_ERROR;
				CLANG_WARN_DOCUMENTATION_COMMENTS = YES;
				CLANG_WARN_EMPTY_BODY = YES;
				CLANG_WARN_ENUM_CONVERSION = YES;
				CLANG_WARN_INFINITE_RECURSION = YES;
				CLANG_WARN_INT_CONVERSION = YES;
				CLANG_WARN_NON_LITERAL_NULL_CONVERSION = YES;
				CLANG_WARN_OBJC_IMPLICIT_RETAIN_SELF = YES;
				CLANG_WARN_OBJC_LITERAL_CONVERSION = YES;
				CLANG_WARN_OBJC_ROOT_CLASS = YES_ERROR;
				CLANG_WARN_RANGE_LOOP_ANALYSIS = YES;
				CLANG_WARN_STRICT_PROTOTYPES = YES;
				CLANG_WARN_SUSPICIOUS_MOVE = YES;
				CLANG_WARN_UNGUARDED_AVAILABILITY = YES_AGGRESSIVE;
				CLANG_WARN_UNREACHABLE_CODE = YES;
				CLANG_WARN__DUPLICATE_METHOD_MATCH = YES;
				CODE_SIGN_IDENTITY = "iPhone Developer";
				COPY_PHASE_STRIP = NO;
				DEBUG_INFORMATION_FORMAT = "dwarf-with-dsym";
				ENABLE_NS_ASSERTIONS = NO;
				ENABLE_STRICT_OBJC_MSGSEND = YES;
				GCC_C_LANGUAGE_STANDARD = gnu11;
				GCC_NO_COMMON_BLOCKS = YES;
				GCC_WARN_64_TO_32_BIT_CONVERSION = YES;
				GCC_WARN_ABOUT_RETURN_TYPE = YES_ERROR;
				GCC_WARN_UNDECLARED_SELECTOR = YES;
				GCC_WARN_UNINITIALIZED_AUTOS = YES_AGGRESSIVE;
				GCC_WARN_UNUSED_FUNCTION = YES;
				GCC_WARN_UNUSED_VARIABLE = YES;
				IPHONEOS_DEPLOYMENT_TARGET = 12.1;
				MTL_ENABLE_DEBUG_INFO = NO;
				MTL_FAST_MATH = YES;
				SDKROOT = iphoneos;
				SWIFT_COMPILATION_MODE = wholemodule;
				SWIFT_OPTIMIZATION_LEVEL = "-O";
				VALIDATE_PRODUCT = YES;
			};
			name = Release;
		};
		022E02BE21D3865F0052501A /* Debug */ = {
			isa = XCBuildConfiguration;
			baseConfigurationReference = 91C35B7D4D491D0FF4CCD1EA /* Pods-Microbit_test_0.2.debug.xcconfig */;
			buildSettings = {
				ALWAYS_EMBED_SWIFT_STANDARD_LIBRARIES = YES;
				ASSETCATALOG_COMPILER_APPICON_NAME = AppIcon;
				CODE_SIGN_IDENTITY = "iPhone Developer";
				CODE_SIGN_STYLE = Automatic;
				DEVELOPMENT_TEAM = 56SUY3N687;
				INFOPLIST_FILE = Microbit_test_0.2/Info.plist;
				LD_RUNPATH_SEARCH_PATHS = (
					"$(inherited)",
					"@executable_path/Frameworks",
				);
				PRODUCT_BUNDLE_IDENTIFIER = "cis.Microbit-test-0-Crit";
				PRODUCT_NAME = "$(TARGET_NAME)";
				PROVISIONING_PROFILE_SPECIFIER = "";
				SWIFT_VERSION = 4.2;
				TARGETED_DEVICE_FAMILY = "1,2";
			};
			name = Debug;
		};
		022E02BF21D3865F0052501A /* Release */ = {
			isa = XCBuildConfiguration;
			baseConfigurationReference = FFE92FF83BA857891C9B84B5 /* Pods-Microbit_test_0.2.release.xcconfig */;
			buildSettings = {
				ALWAYS_EMBED_SWIFT_STANDARD_LIBRARIES = YES;
				ASSETCATALOG_COMPILER_APPICON_NAME = AppIcon;
				CODE_SIGN_IDENTITY = "iPhone Developer";
				CODE_SIGN_STYLE = Automatic;
				DEVELOPMENT_TEAM = 56SUY3N687;
				INFOPLIST_FILE = Microbit_test_0.2/Info.plist;
				LD_RUNPATH_SEARCH_PATHS = (
					"$(inherited)",
					"@executable_path/Frameworks",
				);
				PRODUCT_BUNDLE_IDENTIFIER = "cis.Microbit-test-0-Crit";
				PRODUCT_NAME = "$(TARGET_NAME)";
				PROVISIONING_PROFILE_SPECIFIER = "";
				SWIFT_VERSION = 4.2;
				TARGETED_DEVICE_FAMILY = "1,2";
			};
			name = Release;
		};
		022E02C121D3865F0052501A /* Debug */ = {
			isa = XCBuildConfiguration;
			baseConfigurationReference = 925C8FA7C8CF1549865F17AD /* Pods-Microbit_test_0.2Tests.debug.xcconfig */;
			buildSettings = {
				ALWAYS_EMBED_SWIFT_STANDARD_LIBRARIES = YES;
				BUNDLE_LOADER = "$(TEST_HOST)";
				CODE_SIGN_STYLE = Automatic;
				INFOPLIST_FILE = Microbit_test_0.2Tests/Info.plist;
				LD_RUNPATH_SEARCH_PATHS = (
					"$(inherited)",
					"@executable_path/Frameworks",
					"@loader_path/Frameworks",
				);
				PRODUCT_BUNDLE_IDENTIFIER = "cis.Microbit-test-0-2Tests";
				PRODUCT_NAME = "$(TARGET_NAME)";
				SWIFT_VERSION = 4.2;
				TARGETED_DEVICE_FAMILY = "1,2";
				TEST_HOST = "$(BUILT_PRODUCTS_DIR)/Microbit_test_0.2.app/Microbit_test_0.2";
			};
			name = Debug;
		};
		022E02C221D3865F0052501A /* Release */ = {
			isa = XCBuildConfiguration;
			baseConfigurationReference = C5FC891BFF2ECE9C940A5AC7 /* Pods-Microbit_test_0.2Tests.release.xcconfig */;
			buildSettings = {
				ALWAYS_EMBED_SWIFT_STANDARD_LIBRARIES = YES;
				BUNDLE_LOADER = "$(TEST_HOST)";
				CODE_SIGN_STYLE = Automatic;
				INFOPLIST_FILE = Microbit_test_0.2Tests/Info.plist;
				LD_RUNPATH_SEARCH_PATHS = (
					"$(inherited)",
					"@executable_path/Frameworks",
					"@loader_path/Frameworks",
				);
				PRODUCT_BUNDLE_IDENTIFIER = "cis.Microbit-test-0-2Tests";
				PRODUCT_NAME = "$(TARGET_NAME)";
				SWIFT_VERSION = 4.2;
				TARGETED_DEVICE_FAMILY = "1,2";
				TEST_HOST = "$(BUILT_PRODUCTS_DIR)/Microbit_test_0.2.app/Microbit_test_0.2";
			};
			name = Release;
		};
		022E02C421D3865F0052501A /* Debug */ = {
			isa = XCBuildConfiguration;
			baseConfigurationReference = 7882FFE7699FA2166F8594FC /* Pods-Microbit_test_0.2UITests.debug.xcconfig */;
			buildSettings = {
				ALWAYS_EMBED_SWIFT_STANDARD_LIBRARIES = YES;
				CODE_SIGN_STYLE = Automatic;
				INFOPLIST_FILE = Microbit_test_0.2UITests/Info.plist;
				LD_RUNPATH_SEARCH_PATHS = (
					"$(inherited)",
					"@executable_path/Frameworks",
					"@loader_path/Frameworks",
				);
				PRODUCT_BUNDLE_IDENTIFIER = "cis.Microbit-test-0-2UITests";
				PRODUCT_NAME = "$(TARGET_NAME)";
				SWIFT_VERSION = 4.2;
				TARGETED_DEVICE_FAMILY = "1,2";
				TEST_TARGET_NAME = Microbit_test_0.2;
			};
			name = Debug;
		};
		022E02C521D3865F0052501A /* Release */ = {
			isa = XCBuildConfiguration;
			baseConfigurationReference = A764B878A185EA062D4C91FD /* Pods-Microbit_test_0.2UITests.release.xcconfig */;
			buildSettings = {
				ALWAYS_EMBED_SWIFT_STANDARD_LIBRARIES = YES;
				CODE_SIGN_STYLE = Automatic;
				INFOPLIST_FILE = Microbit_test_0.2UITests/Info.plist;
				LD_RUNPATH_SEARCH_PATHS = (
					"$(inherited)",
					"@executable_path/Frameworks",
					"@loader_path/Frameworks",
				);
				PRODUCT_BUNDLE_IDENTIFIER = "cis.Microbit-test-0-2UITests";
				PRODUCT_NAME = "$(TARGET_NAME)";
				SWIFT_VERSION = 4.2;
				TARGETED_DEVICE_FAMILY = "1,2";
				TEST_TARGET_NAME = Microbit_test_0.2;
			};
			name = Release;
		};
/* End XCBuildConfiguration section */

/* Begin XCConfigurationList section */
		022E029021D3865D0052501A /* Build configuration list for PBXProject "Microbit_test_0.2" */ = {
			isa = XCConfigurationList;
			buildConfigurations = (
				022E02BB21D3865F0052501A /* Debug */,
				022E02BC21D3865F0052501A /* Release */,
			);
			defaultConfigurationIsVisible = 0;
			defaultConfigurationName = Release;
		};
		022E02BD21D3865F0052501A /* Build configuration list for PBXNativeTarget "Microbit_test_0.2" */ = {
			isa = XCConfigurationList;
			buildConfigurations = (
				022E02BE21D3865F0052501A /* Debug */,
				022E02BF21D3865F0052501A /* Release */,
			);
			defaultConfigurationIsVisible = 0;
			defaultConfigurationName = Release;
		};
		022E02C021D3865F0052501A /* Build configuration list for PBXNativeTarget "Microbit_test_0.2Tests" */ = {
			isa = XCConfigurationList;
			buildConfigurations = (
				022E02C121D3865F0052501A /* Debug */,
				022E02C221D3865F0052501A /* Release */,
			);
			defaultConfigurationIsVisible = 0;
			defaultConfigurationName = Release;
		};
		022E02C321D3865F0052501A /* Build configuration list for PBXNativeTarget "Microbit_test_0.2UITests" */ = {
			isa = XCConfigurationList;
			buildConfigurations = (
				022E02C421D3865F0052501A /* Debug */,
				022E02C521D3865F0052501A /* Release */,
			);
			defaultConfigurationIsVisible = 0;
			defaultConfigurationName = Release;
		};
/* End XCConfigurationList section */
	};
	rootObject = 022E028D21D3865D0052501A /* Project object */;
}
